adversarial-robustness-toolbox==1.15.0
advertorch @ git+https://github.com/BorealisAI/advertorch.git@e063e341c87d9a621ae1a8f72c3507d5ea5bd327
autoattack @ git+https://github.com/fra31/auto-attack.git@a39220048b3c9f2cca9a4d3a54604793c68eca7e
certifi==2023.5.7
chardet==4.0.0
cmake==3.26.4
contourpy==1.1.0
cycler==0.11.0
filelock==3.12.2
fonttools==4.40.0
fsspec==2023.6.0
geotorch==0.3.0
huggingface-hub==0.15.1
idna==2.10
imageio==2.31.1
Jinja2==3.1.2
joblib==1.3.1
kiwisolver==1.4.4
lazy_loader==0.3
lit==16.0.6
MarkupSafe==2.1.3
matplotlib==3.7.1
mpmath==1.3.0
networkx==3.1
numpy==1.25.0
nvidia-cublas-cu11==11.10.3.66
nvidia-cuda-cupti-cu11==11.7.101
nvidia-cuda-nvrtc-cu11==11.7.99
nvidia-cuda-runtime-cu11==11.7.99
nvidia-cudnn-cu11==8.5.0.96
nvidia-cufft-cu11==10.9.0.58
nvidia-curand-cu11==10.2.10.91
nvidia-cusolver-cu11==11.4.0.1
nvidia-cusparse-cu11==11.7.4.91
nvidia-nccl-cu11==2.14.3
nvidia-nvtx-cu11==11.7.91
packaging==23.1
pandas==1.3.5
Pillow==9.5.0
pyparsing==3.1.0
python-dateutil==2.8.2
pytz==2023.3
PyWavelets==1.4.1
PyYAML==6.0
requests==2.25.1
robustbench @ git+https://github.com/RobustBench/robustbench.git@ec26a6cd0b0812135270c3659caabcab80701b15
scikit-image==0.21.0
scikit-learn==1.1.3
scipy==1.11.1
six==1.16.0
sympy==1.12
threadpoolctl==3.1.0
tifffile==2023.4.12
timm==0.6.13
torch==2.0.1
torchattacks==3.4.0
torchdiffeq==0.2.3
torchvision==0.15.2
tqdm==4.65.0
triton==2.0.0
typing_extensions==4.7.0
urllib3==1.26.16
